
Microsoft Visual Studio Solution File, Format Version 12.00
# Visual Studio 15
VisualStudioVersion = 15.0.28307.329
MinimumVisualStudioVersion = 10.0.40219.1
Project("{FAE04EC0-301F-11D3-BF4B-00C04F79EFBC}") = "ReactivePropertySample", "ReactivePropertySample\ReactivePropertySample.csproj", "{5F6E09B3-AEA8-4B80-8C46-ABB29A47F664}"
EndProject
Project("{FAE04EC0-301F-11D3-BF4B-00C04F79EFBC}") = "MainContents", "MainContents\MainContents.csproj", "{8A1CD10E-E3CE-4B10-B199-8597B49353E2}"
EndProject
Project("{2150E333-8FDC-42A3-9474-1A3956D46DE8}") = "Solution Items", "Solution Items", "{652AD7C4-ED01-4611-850E-C6950740CBED}"
	ProjectSection(SolutionItems) = preProject
		README.md = README.md
	EndProjectSection
EndProject
Global
	GlobalSection(SolutionConfigurationPlatforms) = preSolution
		Debug|Any CPU = Debug|Any CPU
		Release|Any CPU = Release|Any CPU
	EndGlobalSection
	GlobalSection(ProjectConfigurationPlatforms) = postSolution
		{5F6E09B3-AEA8-4B80-8C46-ABB29A47F664}.Debug|Any CPU.ActiveCfg = Debug|Any CPU
		{5F6E09B3-AEA8-4B80-8C46-ABB29A47F664}.Debug|Any CPU.Build.0 = Debug|Any CPU
		{5F6E09B3-AEA8-4B80-8C46-ABB29A47F664}.Release|Any CPU.ActiveCfg = Release|Any CPU
		{5F6E09B3-AEA8-4B80-8C46-ABB29A47F664}.Release|Any CPU.Build.0 = Release|Any CPU
		{8A1CD10E-E3CE-4B10-B199-8597B49353E2}.Debug|Any CPU.ActiveCfg = Debug|Any CPU
		{8A1CD10E-E3CE-4B10-B199-8597B49353E2}.Debug|Any CPU.Build.0 = Debug|Any CPU
		{8A1CD10E-E3CE-4B10-B199-8597B49353E2}.Release|Any CPU.ActiveCfg = Release|Any CPU
		{8A1CD10E-E3CE-4B10-B199-8597B49353E2}.Release|Any CPU.Build.0 = Release|Any CPU
	EndGlobalSection
	GlobalSection(SolutionProperties) = preSolution
		HideSolutionNode = FALSE
	EndGlobalSection
	GlobalSection(ExtensibilityGlobals) = postSolution
		SolutionGuid = {36F0DD3C-EE9B-41D2-AD90-BBC0FE0A9512}
	EndGlobalSection
EndGlobal
